<?xml version="1.0" encoding="utf-8"?>
<Project ToolsVersion="4.0" xmlns="http://schemas.microsoft.com/developer/msbuild/2003">
  <ItemGroup>
    <Filter Include="源文件">
      <UniqueIdentifier>{4FC737F1-C7A5-4376-A066-2A32D752A2FF}</UniqueIdentifier>
      <Extensions>cpp;c;cc;cxx;def;odl;idl;hpj;bat;asm;asmx</Extensions>
    </Filter>
    <Filter Include="头文件">
      <UniqueIdentifier>{93995380-89BD-4b04-88EB-625FBE52EBFB}</UniqueIdentifier>
      <Extensions>h;hh;hpp;hxx;hm;inl;inc;xsd</Extensions>
    </Filter>
    <Filter Include="资源文件">
      <UniqueIdentifier>{67DA6AB6-F800-4c08-8B7A-83BB121AAD01}</UniqueIdentifier>
      <Extensions>rc;ico;cur;bmp;dlg;rc2;rct;bin;rgs;gif;jpg;jpeg;jpe;resx;tiff;tif;png;wav;mfcribbon-ms</Extensions>
    </Filter>
    <Filter Include="资源文件\shader">
      <UniqueIdentifier>{a7955027-f331-43b9-96df-9c0f40eb988b}</UniqueIdentifier>
    </Filter>
    <Filter Include="math">
      <UniqueIdentifier>{fbf5ac89-622d-4314-8560-d5062b686ae7}</UniqueIdentifier>
    </Filter>
    <Filter Include="model">
      <UniqueIdentifier>{048e29f7-4fd7-485c-80f1-a017ffcae3ce}</UniqueIdentifier>
    </Filter>
    <Filter Include="common">
      <UniqueIdentifier>{f1d1ea40-e8e7-4f6b-b2c2-75ee723b5133}</UniqueIdentifier>
    </Filter>
    <Filter Include="graphics">
      <UniqueIdentifier>{d2ced889-5838-4e6d-acca-01653c56c2aa}</UniqueIdentifier>
    </Filter>
    <Filter Include="event">
      <UniqueIdentifier>{f07b3dd3-a4d4-4a99-b3ce-25d2d0629704}</UniqueIdentifier>
    </Filter>
    <Filter Include="render">
      <UniqueIdentifier>{fa8aeb65-d9ac-4549-8b07-10704d152c1b}</UniqueIdentifier>
    </Filter>
    <Filter Include="test">
      <UniqueIdentifier>{cf626c5f-5da5-4026-a28e-67fa50268b6d}</UniqueIdentifier>
    </Filter>
  </ItemGroup>
  <ItemGroup>
    <ClCompile Include="main.cpp">
      <Filter>源文件</Filter>
    </ClCompile>
    <ClCompile Include="model\FBXModel.cpp">
      <Filter>model</Filter>
    </ClCompile>
    <ClCompile Include="model\ObjModel.cpp">
      <Filter>model</Filter>
    </ClCompile>
    <ClCompile Include="common\shader.cpp">
      <Filter>common</Filter>
    </ClCompile>
    <ClCompile Include="common\Texure.cpp">
      <Filter>common</Filter>
    </ClCompile>
    <ClCompile Include="common\Timer.cpp">
      <Filter>common</Filter>
    </ClCompile>
    <ClCompile Include="common\utils.cpp">
      <Filter>common</Filter>
    </ClCompile>
    <ClCompile Include="common\Log.cpp">
      <Filter>common</Filter>
    </ClCompile>
    <ClCompile Include="common\UnCopyable.cpp">
      <Filter>common</Filter>
    </ClCompile>
    <ClCompile Include="common\Runable.cpp">
      <Filter>common</Filter>
    </ClCompile>
    <ClCompile Include="common\Camera.cpp">
      <Filter>common</Filter>
    </ClCompile>
    <ClCompile Include="event\CEvent.cpp">
      <Filter>event</Filter>
    </ClCompile>
    <ClCompile Include="graphics\CLayer.cpp">
      <Filter>graphics</Filter>
    </ClCompile>
    <ClCompile Include="graphics\CNode.cpp">
      <Filter>graphics</Filter>
    </ClCompile>
    <ClCompile Include="graphics\Drawable.cpp">
      <Filter>graphics</Filter>
    </ClCompile>
    <ClCompile Include="render\C3DModel.cpp">
      <Filter>render</Filter>
    </ClCompile>
    <ClCompile Include="render\FrameBuffer.cpp">
      <Filter>render</Filter>
    </ClCompile>
    <ClCompile Include="test\CPolygonTesslation.cpp">
      <Filter>test</Filter>
    </ClCompile>
    <ClCompile Include="test\Frustum.cpp">
      <Filter>test</Filter>
    </ClCompile>
    <ClCompile Include="test\Ground.cpp">
      <Filter>test</Filter>
    </ClCompile>
    <ClCompile Include="test\LightModelTest.cpp">
      <Filter>test</Filter>
    </ClCompile>
    <ClCompile Include="test\ParticleCube.cpp">
      <Filter>test</Filter>
    </ClCompile>
    <ClCompile Include="test\ParticleEmit.cpp">
      <Filter>test</Filter>
    </ClCompile>
    <ClCompile Include="test\ParticleGS.cpp">
      <Filter>test</Filter>
    </ClCompile>
    <ClCompile Include="test\ParticleTFO.cpp">
      <Filter>test</Filter>
    </ClCompile>
    <ClCompile Include="test\PointSprite.cpp">
      <Filter>test</Filter>
    </ClCompile>
    <ClCompile Include="test\Polygon.cpp">
      <Filter>test</Filter>
    </ClCompile>
    <ClCompile Include="test\SkyBox.cpp">
      <Filter>test</Filter>
    </ClCompile>
    <ClCompile Include="test\Sphere.cpp">
      <Filter>test</Filter>
    </ClCompile>
    <ClCompile Include="test\TextureTest.cpp">
      <Filter>test</Filter>
    </ClCompile>
    <ClCompile Include="test\Triangles.cpp">
      <Filter>test</Filter>
    </ClCompile>
    <ClCompile Include="test\WaterWave.cpp">
      <Filter>test</Filter>
    </ClCompile>
    <ClCompile Include="test\FullScreen.cpp">
      <Filter>test</Filter>
    </ClCompile>
    <ClCompile Include="test\XRay.cpp">
      <Filter>test</Filter>
    </ClCompile>
  </ItemGroup>
  <ItemGroup>
    <ClInclude Include="InitModel.h">
      <Filter>头文件</Filter>
    </ClInclude>
    <ClInclude Include="math\CMatrix.h">
      <Filter>math</Filter>
    </ClInclude>
    <ClInclude Include="math\CVector.h">
      <Filter>math</Filter>
    </ClInclude>
    <ClInclude Include="model\FBXModel.h">
      <Filter>model</Filter>
    </ClInclude>
    <ClInclude Include="model\ObjModel.h">
      <Filter>model</Filter>
    </ClInclude>
    <ClInclude Include="common\common.h">
      <Filter>common</Filter>
    </ClInclude>
    <ClInclude Include="common\shader.h">
      <Filter>common</Filter>
    </ClInclude>
    <ClInclude Include="common\Texure.h">
      <Filter>common</Filter>
    </ClInclude>
    <ClInclude Include="common\Timer.h">
      <Filter>common</Filter>
    </ClInclude>
    <ClInclude Include="common\utils.h">
      <Filter>common</Filter>
    </ClInclude>
    <ClInclude Include="common\VertexData.h">
      <Filter>common</Filter>
    </ClInclude>
    <ClInclude Include="common\Log.h">
      <Filter>common</Filter>
    </ClInclude>
    <ClInclude Include="common\UnCopyable.h">
      <Filter>common</Filter>
    </ClInclude>
    <ClInclude Include="common\Runable.h">
      <Filter>common</Filter>
    </ClInclude>
    <ClInclude Include="common\Camera.h">
      <Filter>common</Filter>
    </ClInclude>
    <ClInclude Include="event\CEvent.h">
      <Filter>event</Filter>
    </ClInclude>
    <ClInclude Include="graphics\CLayer.h">
      <Filter>graphics</Filter>
    </ClInclude>
    <ClInclude Include="graphics\CNode.h">
      <Filter>graphics</Filter>
    </ClInclude>
    <ClInclude Include="graphics\Drawable.h">
      <Filter>graphics</Filter>
    </ClInclude>
    <ClInclude Include="render\C3DModel.h">
      <Filter>render</Filter>
    </ClInclude>
    <ClInclude Include="render\FrameBuffer.h">
      <Filter>render</Filter>
    </ClInclude>
    <ClInclude Include="test\CPolygonTesslation.h">
      <Filter>test</Filter>
    </ClInclude>
    <ClInclude Include="test\Frustum.h">
      <Filter>test</Filter>
    </ClInclude>
    <ClInclude Include="test\Ground.h">
      <Filter>test</Filter>
    </ClInclude>
    <ClInclude Include="test\LightModelTest.h">
      <Filter>test</Filter>
    </ClInclude>
    <ClInclude Include="test\ParticleCube.h">
      <Filter>test</Filter>
    </ClInclude>
    <ClInclude Include="test\ParticleEmit.h">
      <Filter>test</Filter>
    </ClInclude>
    <ClInclude Include="test\ParticleGS.h">
      <Filter>test</Filter>
    </ClInclude>
    <ClInclude Include="test\ParticleTFO.h">
      <Filter>test</Filter>
    </ClInclude>
    <ClInclude Include="test\PointSprite.h">
      <Filter>test</Filter>
    </ClInclude>
    <ClInclude Include="test\Polygon.h">
      <Filter>test</Filter>
    </ClInclude>
    <ClInclude Include="test\SkyBox.h">
      <Filter>test</Filter>
    </ClInclude>
    <ClInclude Include="test\Sphere.h">
      <Filter>test</Filter>
    </ClInclude>
    <ClInclude Include="test\TextureTest.h">
      <Filter>test</Filter>
    </ClInclude>
    <ClInclude Include="test\Triangles.h">
      <Filter>test</Filter>
    </ClInclude>
    <ClInclude Include="test\WaterWave.h">
      <Filter>test</Filter>
    </ClInclude>
    <ClInclude Include="test\FullScreen.h">
      <Filter>test</Filter>
    </ClInclude>
    <ClInclude Include="test\XRay.h">
      <Filter>test</Filter>
    </ClInclude>
  </ItemGroup>
  <ItemGroup>
    <None Include="shader\shader.vs">
      <Filter>资源文件\shader</Filter>
    </None>
    <None Include="shader\light.fs">
      <Filter>资源文件\shader</Filter>
    </None>
    <None Include="shader\light.vs">
      <Filter>资源文件\shader</Filter>
    </None>
    <None Include="shader\shader.fs">
      <Filter>资源文件\shader</Filter>
    </None>
    <None Include="shader\UI.fs">
      <Filter>资源文件\shader</Filter>
    </None>
    <None Include="shader\UI.vs">
      <Filter>资源文件\shader</Filter>
    </None>
    <None Include="shader\Frustum.fs">
      <Filter>资源文件\shader</Filter>
    </None>
    <None Include="shader\Frustum.vs">
      <Filter>资源文件\shader</Filter>
    </None>
    <None Include="shader\Triangle.fs">
      <Filter>资源文件\shader</Filter>
    </None>
    <None Include="shader\Triangle.vs">
      <Filter>资源文件\shader</Filter>
    </None>
    <None Include="shader\MixLight.fs">
      <Filter>资源文件\shader</Filter>
    </None>
    <None Include="shader\MixLight.vs">
      <Filter>资源文件\shader</Filter>
    </None>
    <None Include="shader\depthBuffer.fs">
      <Filter>资源文件\shader</Filter>
    </None>
    <None Include="shader\depthBuffer.vs">
      <Filter>资源文件\shader</Filter>
    </None>
    <None Include="shader\computeShader.shader">
      <Filter>资源文件\shader</Filter>
    </None>
    <None Include="shader\shaderSSBO.vs">
      <Filter>资源文件\shader</Filter>
    </None>
    <None Include="shader\PointSpriteSSBO.fs">
      <Filter>资源文件\shader</Filter>
    </None>
    <None Include="shader\tmpShaderSSBO.vs">
      <Filter>资源文件\shader</Filter>
    </None>
  </ItemGroup>
</Project>