<?xml version="1.0" encoding="utf-8"?>
<Project ToolsVersion="4.0" xmlns="http://schemas.microsoft.com/developer/msbuild/2003">
  <ItemGroup>
    <Filter Include="源文件">
      <UniqueIdentifier>{4FC737F1-C7A5-4376-A066-2A32D752A2FF}</UniqueIdentifier>
      <Extensions>cpp;c;cc;cxx;def;odl;idl;hpj;bat;asm;asmx</Extensions>
    </Filter>
    <Filter Include="头文件">
      <UniqueIdentifier>{93995380-89BD-4b04-88EB-625FBE52EBFB}</UniqueIdentifier>
      <Extensions>h;hh;hpp;hxx;hm;inl;inc;xsd</Extensions>
    </Filter>
    <Filter Include="资源文件">
      <UniqueIdentifier>{67DA6AB6-F800-4c08-8B7A-83BB121AAD01}</UniqueIdentifier>
      <Extensions>rc;ico;cur;bmp;dlg;rc2;rct;bin;rgs;gif;jpg;jpeg;jpe;resx;tiff;tif;png;wav;mfcribbon-ms</Extensions>
    </Filter>
    <Filter Include="资源文件\shader">
      <UniqueIdentifier>{a7955027-f331-43b9-96df-9c0f40eb988b}</UniqueIdentifier>
    </Filter>
  </ItemGroup>
  <ItemGroup>
    <ClCompile Include="main.cpp">
      <Filter>源文件</Filter>
    </ClCompile>
    <ClCompile Include="utils.cpp">
      <Filter>源文件</Filter>
    </ClCompile>
    <ClCompile Include="ObjModel.cpp">
      <Filter>源文件</Filter>
    </ClCompile>
    <ClCompile Include="Polygon.cpp">
      <Filter>源文件</Filter>
    </ClCompile>
    <ClCompile Include="Timer.cpp">
      <Filter>源文件</Filter>
    </ClCompile>
    <ClCompile Include="Frustum.cpp">
      <Filter>源文件</Filter>
    </ClCompile>
    <ClCompile Include="Triangles.cpp">
      <Filter>源文件</Filter>
    </ClCompile>
    <ClCompile Include="Drawable.cpp">
      <Filter>源文件</Filter>
    </ClCompile>
    <ClCompile Include="Texure.cpp">
      <Filter>源文件</Filter>
    </ClCompile>
    <ClCompile Include="shader.cpp">
      <Filter>源文件</Filter>
    </ClCompile>
    <ClCompile Include="PointSprite.cpp">
      <Filter>源文件</Filter>
    </ClCompile>
    <ClCompile Include="C3DModel.cpp">
      <Filter>源文件</Filter>
    </ClCompile>
    <ClCompile Include="ParticleCube.cpp">
      <Filter>源文件</Filter>
    </ClCompile>
    <ClCompile Include="ParticleGS.cpp">
      <Filter>源文件</Filter>
    </ClCompile>
    <ClCompile Include="ParticleEmit.cpp">
      <Filter>源文件</Filter>
    </ClCompile>
    <ClCompile Include="CPolygonTesslation.cpp">
      <Filter>源文件</Filter>
    </ClCompile>
    <ClCompile Include="FrameBuffer.cpp">
      <Filter>源文件</Filter>
    </ClCompile>
    <ClCompile Include="LightModelTest.cpp">
      <Filter>源文件</Filter>
    </ClCompile>
    <ClCompile Include="Sphere.cpp">
      <Filter>源文件</Filter>
    </ClCompile>
    <ClCompile Include="WaterWave.cpp">
      <Filter>源文件</Filter>
    </ClCompile>
    <ClCompile Include="TextureTest.cpp">
      <Filter>源文件</Filter>
    </ClCompile>
  </ItemGroup>
  <ItemGroup>
    <ClInclude Include="CMatrix.h">
      <Filter>头文件</Filter>
    </ClInclude>
    <ClInclude Include="common.h">
      <Filter>头文件</Filter>
    </ClInclude>
    <ClInclude Include="CVector.h">
      <Filter>头文件</Filter>
    </ClInclude>
    <ClInclude Include="utils.h">
      <Filter>头文件</Filter>
    </ClInclude>
    <ClInclude Include="VertexData.h">
      <Filter>头文件</Filter>
    </ClInclude>
    <ClInclude Include="ObjModel.h">
      <Filter>头文件</Filter>
    </ClInclude>
    <ClInclude Include="Polygon.h">
      <Filter>头文件</Filter>
    </ClInclude>
    <ClInclude Include="Timer.h">
      <Filter>头文件</Filter>
    </ClInclude>
    <ClInclude Include="Frustum.h">
      <Filter>头文件</Filter>
    </ClInclude>
    <ClInclude Include="Triangles.h">
      <Filter>头文件</Filter>
    </ClInclude>
    <ClInclude Include="Drawable.h">
      <Filter>头文件</Filter>
    </ClInclude>
    <ClInclude Include="Texure.h">
      <Filter>头文件</Filter>
    </ClInclude>
    <ClInclude Include="shader.h">
      <Filter>头文件</Filter>
    </ClInclude>
    <ClInclude Include="PointSprite.h">
      <Filter>头文件</Filter>
    </ClInclude>
    <ClInclude Include="C3DModel.h">
      <Filter>头文件</Filter>
    </ClInclude>
    <ClInclude Include="InitModel.h">
      <Filter>头文件</Filter>
    </ClInclude>
    <ClInclude Include="ParticleCube.h">
      <Filter>头文件</Filter>
    </ClInclude>
    <ClInclude Include="ParticleGS.h">
      <Filter>头文件</Filter>
    </ClInclude>
    <ClInclude Include="ParticleEmit.h">
      <Filter>头文件</Filter>
    </ClInclude>
    <ClInclude Include="CPolygonTesslation.h">
      <Filter>头文件</Filter>
    </ClInclude>
    <ClInclude Include="FrameBuffer.h">
      <Filter>头文件</Filter>
    </ClInclude>
    <ClInclude Include="LightModelTest.h">
      <Filter>头文件</Filter>
    </ClInclude>
    <ClInclude Include="Sphere.h">
      <Filter>头文件</Filter>
    </ClInclude>
    <ClInclude Include="WaterWave.h">
      <Filter>头文件</Filter>
    </ClInclude>
    <ClInclude Include="TextureTest.h">
      <Filter>头文件</Filter>
    </ClInclude>
  </ItemGroup>
  <ItemGroup>
    <None Include="shader\shader.vs">
      <Filter>资源文件\shader</Filter>
    </None>
    <None Include="shader\light.fs">
      <Filter>资源文件\shader</Filter>
    </None>
    <None Include="shader\light.vs">
      <Filter>资源文件\shader</Filter>
    </None>
    <None Include="shader\shader.fs">
      <Filter>资源文件\shader</Filter>
    </None>
    <None Include="shader\UI.fs">
      <Filter>资源文件\shader</Filter>
    </None>
    <None Include="shader\UI.vs">
      <Filter>资源文件\shader</Filter>
    </None>
    <None Include="shader\Frustum.fs">
      <Filter>资源文件\shader</Filter>
    </None>
    <None Include="shader\Frustum.vs">
      <Filter>资源文件\shader</Filter>
    </None>
    <None Include="shader\Triangle.fs">
      <Filter>资源文件\shader</Filter>
    </None>
    <None Include="shader\Triangle.vs">
      <Filter>资源文件\shader</Filter>
    </None>
    <None Include="shader\MixLight.fs">
      <Filter>资源文件\shader</Filter>
    </None>
    <None Include="shader\MixLight.vs">
      <Filter>资源文件\shader</Filter>
    </None>
    <None Include="shader\depthBuffer.fs">
      <Filter>资源文件\shader</Filter>
    </None>
    <None Include="shader\depthBuffer.vs">
      <Filter>资源文件\shader</Filter>
    </None>
    <None Include="shader\computeShader.shader">
      <Filter>资源文件\shader</Filter>
    </None>
    <None Include="shader\shaderSSBO.vs">
      <Filter>资源文件\shader</Filter>
    </None>
    <None Include="shader\PointSpriteSSBO.fs">
      <Filter>资源文件\shader</Filter>
    </None>
    <None Include="shader\tmpShaderSSBO.vs">
      <Filter>资源文件\shader</Filter>
    </None>
  </ItemGroup>
</Project>